
Microsoft Visual Studio Solution File, Format Version 12.00
# Visual Studio Version 17
VisualStudioVersion = 17.11.35327.3
MinimumVisualStudioVersion = 10.0.40219.1
Project("{8BC9CEB8-8B4A-11D0-8D11-00A0C91BC942}") = "robotazfilesdz", "robotazfilesdz\robotazfilesdz.vcxproj", "{B9924F1F-C8C3-4198-9E40-0B3FBA1B2538}"
EndProject
Global
	GlobalSection(SolutionConfigurationPlatforms) = preSolution
		Debug|x64 = Debug|x64
		Debug|x86 = Debug|x86
		Release|x64 = Release|x64
		Release|x86 = Release|x86
	EndGlobalSection
	GlobalSection(ProjectConfigurationPlatforms) = postSolution
		{B9924F1F-C8C3-4198-9E40-0B3FBA1B2538}.Debug|x64.ActiveCfg = Debug|x64
		{B9924F1F-C8C3-4198-9E40-0B3FBA1B2538}.Debug|x64.Build.0 = Debug|x64
		{B9924F1F-C8C3-4198-9E40-0B3FBA1B2538}.Debug|x86.ActiveCfg = Debug|Win32
		{B9924F1F-C8C3-4198-9E40-0B3FBA1B2538}.Debug|x86.Build.0 = Debug|Win32
		{B9924F1F-C8C3-4198-9E40-0B3FBA1B2538}.Release|x64.ActiveCfg = Release|x64
		{B9924F1F-C8C3-4198-9E40-0B3FBA1B2538}.Release|x64.Build.0 = Release|x64
		{B9924F1F-C8C3-4198-9E40-0B3FBA1B2538}.Release|x86.ActiveCfg = Release|Win32
		{B9924F1F-C8C3-4198-9E40-0B3FBA1B2538}.Release|x86.Build.0 = Release|Win32
	EndGlobalSection
	GlobalSection(SolutionProperties) = preSolution
		HideSolutionNode = FALSE
	EndGlobalSection
	GlobalSection(ExtensibilityGlobals) = postSolution
		SolutionGuid = {839AF4CD-F6BF-4D66-ABF7-65572298EF67}
	EndGlobalSection
EndGlobal
